
Microsoft Visual Studio Solution File, Format Version 12.00
# Visual Studio Version 17
VisualStudioVersion = 17.7.34003.232
MinimumVisualStudioVersion = 10.0.40219.1
Project("{FAE04EC0-301F-11D3-BF4B-00C04F79EFBC}") = "TA21_7_sgallego", "TA21_7_sgallego\TA21_7_sgallego.csproj", "{0A823564-E46E-49DB-95E8-174D70C48374}"
EndProject
Global
	GlobalSection(SolutionConfigurationPlatforms) = preSolution
		Debug|Any CPU = Debug|Any CPU
		Release|Any CPU = Release|Any CPU
	EndGlobalSection
	GlobalSection(ProjectConfigurationPlatforms) = postSolution
		{0A823564-E46E-49DB-95E8-174D70C48374}.Debug|Any CPU.ActiveCfg = Debug|Any CPU
		{0A823564-E46E-49DB-95E8-174D70C48374}.Debug|Any CPU.Build.0 = Debug|Any CPU
		{0A823564-E46E-49DB-95E8-174D70C48374}.Release|Any CPU.ActiveCfg = Release|Any CPU
		{0A823564-E46E-49DB-95E8-174D70C48374}.Release|Any CPU.Build.0 = Release|Any CPU
	EndGlobalSection
	GlobalSection(SolutionProperties) = preSolution
		HideSolutionNode = FALSE
	EndGlobalSection
	GlobalSection(ExtensibilityGlobals) = postSolution
		SolutionGuid = {A818C0AC-77A9-4C0E-8217-BA1039BC2E26}
	EndGlobalSection
EndGlobal
