
Microsoft Visual Studio Solution File, Format Version 12.00
# Visual Studio Version 17
VisualStudioVersion = 17.7.34003.232
MinimumVisualStudioVersion = 10.0.40219.1
Project("{FAE04EC0-301F-11D3-BF4B-00C04F79EFBC}") = "TA21_8_sgallego", "TA21_8_sgallego\TA21_8_sgallego.csproj", "{35B801C7-9E0E-434E-B4B0-0C57749B7119}"
EndProject
Global
	GlobalSection(SolutionConfigurationPlatforms) = preSolution
		Debug|Any CPU = Debug|Any CPU
		Release|Any CPU = Release|Any CPU
	EndGlobalSection
	GlobalSection(ProjectConfigurationPlatforms) = postSolution
		{35B801C7-9E0E-434E-B4B0-0C57749B7119}.Debug|Any CPU.ActiveCfg = Debug|Any CPU
		{35B801C7-9E0E-434E-B4B0-0C57749B7119}.Debug|Any CPU.Build.0 = Debug|Any CPU
		{35B801C7-9E0E-434E-B4B0-0C57749B7119}.Release|Any CPU.ActiveCfg = Release|Any CPU
		{35B801C7-9E0E-434E-B4B0-0C57749B7119}.Release|Any CPU.Build.0 = Release|Any CPU
	EndGlobalSection
	GlobalSection(SolutionProperties) = preSolution
		HideSolutionNode = FALSE
	EndGlobalSection
	GlobalSection(ExtensibilityGlobals) = postSolution
		SolutionGuid = {F122642F-5485-4059-8D6D-A9C28A0236A0}
	EndGlobalSection
EndGlobal
